
Microsoft Visual Studio Solution File, Format Version 12.00
# Visual Studio Version 17
VisualStudioVersion = 17.5.33516.290
MinimumVisualStudioVersion = 10.0.40219.1
Project("{FAE04EC0-301F-11D3-BF4B-00C04F79EFBC}") = "Tentti_27_4_2023_Kalle_Rättyä", "Tentti_27_4_2023_Kalle_Rättyä\Tentti_27_4_2023_Kalle_Rättyä.csproj", "{514248D8-4F7B-4DD3-B198-A09DBBD99C15}"
EndProject
Global
	GlobalSection(SolutionConfigurationPlatforms) = preSolution
		Debug|Any CPU = Debug|Any CPU
		Release|Any CPU = Release|Any CPU
	EndGlobalSection
	GlobalSection(ProjectConfigurationPlatforms) = postSolution
		{514248D8-4F7B-4DD3-B198-A09DBBD99C15}.Debug|Any CPU.ActiveCfg = Debug|Any CPU
		{514248D8-4F7B-4DD3-B198-A09DBBD99C15}.Debug|Any CPU.Build.0 = Debug|Any CPU
		{514248D8-4F7B-4DD3-B198-A09DBBD99C15}.Release|Any CPU.ActiveCfg = Release|Any CPU
		{514248D8-4F7B-4DD3-B198-A09DBBD99C15}.Release|Any CPU.Build.0 = Release|Any CPU
	EndGlobalSection
	GlobalSection(SolutionProperties) = preSolution
		HideSolutionNode = FALSE
	EndGlobalSection
	GlobalSection(ExtensibilityGlobals) = postSolution
		SolutionGuid = {F7B08AB7-AC4D-48C3-B6AD-734423905C89}
	EndGlobalSection
EndGlobal
